
Microsoft Visual Studio Solution File, Format Version 12.00
# Visual Studio 15
VisualStudioVersion = 15.0.27428.2037
MinimumVisualStudioVersion = 10.0.40219.1
Project("{8BC9CEB8-8B4A-11D0-8D11-00A0C91BC942}") = "amk_proj_3", "amk_proj_3\amk_proj_3.vcxproj", "{94170C08-3C72-45ED-A2FD-6BBC54A92FF2}"
EndProject
Global
	GlobalSection(SolutionConfigurationPlatforms) = preSolution
		Debug|x64 = Debug|x64
		Debug|x86 = Debug|x86
		Release|x64 = Release|x64
		Release|x86 = Release|x86
	EndGlobalSection
	GlobalSection(ProjectConfigurationPlatforms) = postSolution
		{94170C08-3C72-45ED-A2FD-6BBC54A92FF2}.Debug|x64.ActiveCfg = Debug|x64
		{94170C08-3C72-45ED-A2FD-6BBC54A92FF2}.Debug|x64.Build.0 = Debug|x64
		{94170C08-3C72-45ED-A2FD-6BBC54A92FF2}.Debug|x86.ActiveCfg = Debug|Win32
		{94170C08-3C72-45ED-A2FD-6BBC54A92FF2}.Debug|x86.Build.0 = Debug|Win32
		{94170C08-3C72-45ED-A2FD-6BBC54A92FF2}.Release|x64.ActiveCfg = Release|x64
		{94170C08-3C72-45ED-A2FD-6BBC54A92FF2}.Release|x64.Build.0 = Release|x64
		{94170C08-3C72-45ED-A2FD-6BBC54A92FF2}.Release|x86.ActiveCfg = Release|Win32
		{94170C08-3C72-45ED-A2FD-6BBC54A92FF2}.Release|x86.Build.0 = Release|Win32
	EndGlobalSection
	GlobalSection(SolutionProperties) = preSolution
		HideSolutionNode = FALSE
	EndGlobalSection
	GlobalSection(ExtensibilityGlobals) = postSolution
		SolutionGuid = {9488764C-C077-48E5-BBFB-4FE0C1CC5BA3}
	EndGlobalSection
EndGlobal
